// !$*UTF8*$!
{
	archiveVersion = 1;
	classes = {
	};
	objectVersion = 46;
	objects = {

/* Begin PBXBuildFile section */
		A6CA986B1C003394000FD305 /* AppDelegate.swift in Sources */ = {isa = PBXBuildFile; fileRef = A6CA986A1C003394000FD305 /* AppDelegate.swift */; };
		A6CA986D1C003394000FD305 /* ViewController.swift in Sources */ = {isa = PBXBuildFile; fileRef = A6CA986C1C003394000FD305 /* ViewController.swift */; };
		A6CA98701C003394000FD305 /* Main.storyboard in Resources */ = {isa = PBXBuildFile; fileRef = A6CA986E1C003394000FD305 /* Main.storyboard */; };
		A6CA98731C003394000FD305 /* pokedex_by_burgyDev.xcdatamodeld in Sources */ = {isa = PBXBuildFile; fileRef = A6CA98711C003394000FD305 /* pokedex_by_burgyDev.xcdatamodeld */; };
		A6CA98751C003394000FD305 /* Assets.xcassets in Resources */ = {isa = PBXBuildFile; fileRef = A6CA98741C003394000FD305 /* Assets.xcassets */; };
		A6CA98781C003394000FD305 /* LaunchScreen.storyboard in Resources */ = {isa = PBXBuildFile; fileRef = A6CA98761C003394000FD305 /* LaunchScreen.storyboard */; };
		A6CA98801C003D45000FD305 /* pokemon.csv in Resources */ = {isa = PBXBuildFile; fileRef = A6CA987F1C003D45000FD305 /* pokemon.csv */; };
		A6CA98851C003E33000FD305 /* Pokemon.swift in Sources */ = {isa = PBXBuildFile; fileRef = A6CA98841C003E33000FD305 /* Pokemon.swift */; };
/* End PBXBuildFile section */

/* Begin PBXFileReference section */
		A6CA98671C003394000FD305 /* pokedex-by-burgyDev.app */ = {isa = PBXFileReference; explicitFileType = wrapper.application; includeInIndex = 0; path = "pokedex-by-burgyDev.app"; sourceTree = BUILT_PRODUCTS_DIR; };
		A6CA986A1C003394000FD305 /* AppDelegate.swift */ = {isa = PBXFileReference; lastKnownFileType = sourcecode.swift; path = AppDelegate.swift; sourceTree = "<group>"; };
		A6CA986C1C003394000FD305 /* ViewController.swift */ = {isa = PBXFileReference; lastKnownFileType = sourcecode.swift; path = ViewController.swift; sourceTree = "<group>"; };
		A6CA986F1C003394000FD305 /* Base */ = {isa = PBXFileReference; lastKnownFileType = file.storyboard; name = Base; path = Base.lproj/Main.storyboard; sourceTree = "<group>"; };
		A6CA98721C003394000FD305 /* pokedex_by_burgyDev.xcdatamodel */ = {isa = PBXFileReference; lastKnownFileType = wrapper.xcdatamodel; path = pokedex_by_burgyDev.xcdatamodel; sourceTree = "<group>"; };
		A6CA98741C003394000FD305 /* Assets.xcassets */ = {isa = PBXFileReference; lastKnownFileType = folder.assetcatalog; path = Assets.xcassets; sourceTree = "<group>"; };
		A6CA98771C003394000FD305 /* Base */ = {isa = PBXFileReference; lastKnownFileType = file.storyboard; name = Base; path = Base.lproj/LaunchScreen.storyboard; sourceTree = "<group>"; };
		A6CA98791C003394000FD305 /* Info.plist */ = {isa = PBXFileReference; lastKnownFileType = text.plist.xml; path = Info.plist; sourceTree = "<group>"; };
		A6CA987F1C003D45000FD305 /* pokemon.csv */ = {isa = PBXFileReference; fileEncoding = 4; lastKnownFileType = text; path = pokemon.csv; sourceTree = "<group>"; };
		A6CA98841C003E33000FD305 /* Pokemon.swift */ = {isa = PBXFileReference; fileEncoding = 4; lastKnownFileType = sourcecode.swift; path = Pokemon.swift; sourceTree = "<group>"; };
/* End PBXFileReference section */

/* Begin PBXFrameworksBuildPhase section */
		A6CA98641C003394000FD305 /* Frameworks */ = {
			isa = PBXFrameworksBuildPhase;
			buildActionMask = 2147483647;
			files = (
			);
			runOnlyForDeploymentPostprocessing = 0;
		};
/* End PBXFrameworksBuildPhase section */

/* Begin PBXGroup section */
		A6CA985E1C003394000FD305 = {
			isa = PBXGroup;
			children = (
				A6CA98691C003394000FD305 /* pokedex-by-burgyDev */,
				A6CA98681C003394000FD305 /* Products */,
			);
			sourceTree = "<group>";
		};
		A6CA98681C003394000FD305 /* Products */ = {
			isa = PBXGroup;
			children = (
				A6CA98671C003394000FD305 /* pokedex-by-burgyDev.app */,
			);
			name = Products;
			sourceTree = "<group>";
		};
		A6CA98691C003394000FD305 /* pokedex-by-burgyDev */ = {
			isa = PBXGroup;
			children = (
				A6CA98831C003DEC000FD305 /* Controller */,
				A6CA98821C003DE8000FD305 /* View */,
				A6CA98811C003DE3000FD305 /* Model */,
				A6CA986A1C003394000FD305 /* AppDelegate.swift */,
				A6CA98741C003394000FD305 /* Assets.xcassets */,
				A6CA98791C003394000FD305 /* Info.plist */,
				A6CA98711C003394000FD305 /* pokedex_by_burgyDev.xcdatamodeld */,
				A6CA987F1C003D45000FD305 /* pokemon.csv */,
			);
			path = "pokedex-by-burgyDev";
			sourceTree = "<group>";
		};
		A6CA98811C003DE3000FD305 /* Model */ = {
			isa = PBXGroup;
			children = (
				A6CA98841C003E33000FD305 /* Pokemon.swift */,
			);
			name = Model;
			sourceTree = "<group>";
		};
		A6CA98821C003DE8000FD305 /* View */ = {
			isa = PBXGroup;
			children = (
				A6CA986E1C003394000FD305 /* Main.storyboard */,
				A6CA98761C003394000FD305 /* LaunchScreen.storyboard */,
			);
			name = View;
			sourceTree = "<group>";
		};
		A6CA98831C003DEC000FD305 /* Controller */ = {
			isa = PBXGroup;
			children = (
				A6CA986C1C003394000FD305 /* ViewController.swift */,
			);
			name = Controller;
			sourceTree = "<group>";
		};
/* End PBXGroup section */

/* Begin PBXNativeTarget section */
		A6CA98661C003394000FD305 /* pokedex-by-burgyDev */ = {
			isa = PBXNativeTarget;
			buildConfigurationList = A6CA987C1C003394000FD305 /* Build configuration list for PBXNativeTarget "pokedex-by-burgyDev" */;
			buildPhases = (
				A6CA98631C003394000FD305 /* Sources */,
				A6CA98641C003394000FD305 /* Frameworks */,
				A6CA98651C003394000FD305 /* Resources */,
			);
			buildRules = (
			);
			dependencies = (
			);
			name = "pokedex-by-burgyDev";
			productName = "pokedex-by-burgyDev";
			productReference = A6CA98671C003394000FD305 /* pokedex-by-burgyDev.app */;
			productType = "com.apple.product-type.application";
		};
/* End PBXNativeTarget section */

/* Begin PBXProject section */
		A6CA985F1C003394000FD305 /* Project object */ = {
			isa = PBXProject;
			attributes = {
				LastSwiftUpdateCheck = 0710;
				LastUpgradeCheck = 0710;
				ORGANIZATIONNAME = "Yong Jae Kim";
				TargetAttributes = {
					A6CA98661C003394000FD305 = {
						CreatedOnToolsVersion = 7.1.1;
					};
				};
			};
			buildConfigurationList = A6CA98621C003394000FD305 /* Build configuration list for PBXProject "pokedex-by-burgyDev" */;
			compatibilityVersion = "Xcode 3.2";
			developmentRegion = English;
			hasScannedForEncodings = 0;
			knownRegions = (
				en,
				Base,
			);
			mainGroup = A6CA985E1C003394000FD305;
			productRefGroup = A6CA98681C003394000FD305 /* Products */;
			projectDirPath = "";
			projectRoot = "";
			targets = (
				A6CA98661C003394000FD305 /* pokedex-by-burgyDev */,
			);
		};
/* End PBXProject section */

/* Begin PBXResourcesBuildPhase section */
		A6CA98651C003394000FD305 /* Resources */ = {
			isa = PBXResourcesBuildPhase;
			buildActionMask = 2147483647;
			files = (
				A6CA98781C003394000FD305 /* LaunchScreen.storyboard in Resources */,
				A6CA98751C003394000FD305 /* Assets.xcassets in Resources */,
				A6CA98801C003D45000FD305 /* pokemon.csv in Resources */,
				A6CA98701C003394000FD305 /* Main.storyboard in Resources */,
			);
			runOnlyForDeploymentPostprocessing = 0;
		};
/* End PBXResourcesBuildPhase section */

/* Begin PBXSourcesBuildPhase section */
		A6CA98631C003394000FD305 /* Sources */ = {
			isa = PBXSourcesBuildPhase;
			buildActionMask = 2147483647;
			files = (
				A6CA986D1C003394000FD305 /* ViewController.swift in Sources */,
				A6CA98851C003E33000FD305 /* Pokemon.swift in Sources */,
				A6CA98731C003394000FD305 /* pokedex_by_burgyDev.xcdatamodeld in Sources */,
				A6CA986B1C003394000FD305 /* AppDelegate.swift in Sources */,
			);
			runOnlyForDeploymentPostprocessing = 0;
		};
/* End PBXSourcesBuildPhase section */

/* Begin PBXVariantGroup section */
		A6CA986E1C003394000FD305 /* Main.storyboard */ = {
			isa = PBXVariantGroup;
			children = (
				A6CA986F1C003394000FD305 /* Base */,
			);
			name = Main.storyboard;
			sourceTree = "<group>";
		};
		A6CA98761C003394000FD305 /* LaunchScreen.storyboard */ = {
			isa = PBXVariantGroup;
			children = (
				A6CA98771C003394000FD305 /* Base */,
			);
			name = LaunchScreen.storyboard;
			sourceTree = "<group>";
		};
/* End PBXVariantGroup section */

/* Begin XCBuildConfiguration section */
		A6CA987A1C003394000FD305 /* Debug */ = {
			isa = XCBuildConfiguration;
			buildSettings = {
				ALWAYS_SEARCH_USER_PATHS = NO;
				CLANG_CXX_LANGUAGE_STANDARD = "gnu++0x";
				CLANG_CXX_LIBRARY = "libc++";
				CLANG_ENABLE_MODULES = YES;
				CLANG_ENABLE_OBJC_ARC = YES;
				CLANG_WARN_BOOL_CONVERSION = YES;
				CLANG_WARN_CONSTANT_CONVERSION = YES;
				CLANG_WARN_DIRECT_OBJC_ISA_USAGE = YES_ERROR;
				CLANG_WARN_EMPTY_BODY = YES;
				CLANG_WARN_ENUM_CONVERSION = YES;
				CLANG_WARN_INT_CONVERSION = YES;
				CLANG_WARN_OBJC_ROOT_CLASS = YES_ERROR;
				CLANG_WARN_UNREACHABLE_CODE = YES;
				CLANG_WARN__DUPLICATE_METHOD_MATCH = YES;
				"CODE_SIGN_IDENTITY[sdk=iphoneos*]" = "iPhone Developer";
				COPY_PHASE_STRIP = NO;
				DEBUG_INFORMATION_FORMAT = dwarf;
				ENABLE_STRICT_OBJC_MSGSEND = YES;
				ENABLE_TESTABILITY = YES;
				GCC_C_LANGUAGE_STANDARD = gnu99;
				GCC_DYNAMIC_NO_PIC = NO;
				GCC_NO_COMMON_BLOCKS = YES;
				GCC_OPTIMIZATION_LEVEL = 0;
				GCC_PREPROCESSOR_DEFINITIONS = (
					"DEBUG=1",
					"$(inherited)",
				);
				GCC_WARN_64_TO_32_BIT_CONVERSION = YES;
				GCC_WARN_ABOUT_RETURN_TYPE = YES_ERROR;
				GCC_WARN_UNDECLARED_SELECTOR = YES;
				GCC_WARN_UNINITIALIZED_AUTOS = YES_AGGRESSIVE;
				GCC_WARN_UNUSED_FUNCTION = YES;
				GCC_WARN_UNUSED_VARIABLE = YES;
				IPHONEOS_DEPLOYMENT_TARGET = 9.1;
				MTL_ENABLE_DEBUG_INFO = YES;
				ONLY_ACTIVE_ARCH = YES;
				SDKROOT = iphoneos;
				SWIFT_OPTIMIZATION_LEVEL = "-Onone";
				TARGETED_DEVICE_FAMILY = "1,2";
			};
			name = Debug;
		};
		A6CA987B1C003394000FD305 /* Release */ = {
			isa = XCBuildConfiguration;
			buildSettings = {
				ALWAYS_SEARCH_USER_PATHS = NO;
				CLANG_CXX_LANGUAGE_STANDARD = "gnu++0x";
				CLANG_CXX_LIBRARY = "libc++";
				CLANG_ENABLE_MODULES = YES;
				CLANG_ENABLE_OBJC_ARC = YES;
				CLANG_WARN_BOOL_CONVERSION = YES;
				CLANG_WARN_CONSTANT_CONVERSION = YES;
				CLANG_WARN_DIRECT_OBJC_ISA_USAGE = YES_ERROR;
				CLANG_WARN_EMPTY_BODY = YES;
				CLANG_WARN_ENUM_CONVERSION = YES;
				CLANG_WARN_INT_CONVERSION = YES;
				CLANG_WARN_OBJC_ROOT_CLASS = YES_ERROR;
				CLANG_WARN_UNREACHABLE_CODE = YES;
				CLANG_WARN__DUPLICATE_METHOD_MATCH = YES;
				"CODE_SIGN_IDENTITY[sdk=iphoneos*]" = "iPhone Developer";
				COPY_PHASE_STRIP = NO;
				DEBUG_INFORMATION_FORMAT = "dwarf-with-dsym";
				ENABLE_NS_ASSERTIONS = NO;
				ENABLE_STRICT_OBJC_MSGSEND = YES;
				GCC_C_LANGUAGE_STANDARD = gnu99;
				GCC_NO_COMMON_BLOCKS = YES;
				GCC_WARN_64_TO_32_BIT_CONVERSION = YES;
				GCC_WARN_ABOUT_RETURN_TYPE = YES_ERROR;
				GCC_WARN_UNDECLARED_SELECTOR = YES;
				GCC_WARN_UNINITIALIZED_AUTOS = YES_AGGRESSIVE;
				GCC_WARN_UNUSED_FUNCTION = YES;
				GCC_WARN_UNUSED_VARIABLE = YES;
				IPHONEOS_DEPLOYMENT_TARGET = 9.1;
				MTL_ENABLE_DEBUG_INFO = NO;
				SDKROOT = iphoneos;
				TARGETED_DEVICE_FAMILY = "1,2";
				VALIDATE_PRODUCT = YES;
			};
			name = Release;
		};
		A6CA987D1C003394000FD305 /* Debug */ = {
			isa = XCBuildConfiguration;
			buildSettings = {
				ASSETCATALOG_COMPILER_APPICON_NAME = AppIcon;
				INFOPLIST_FILE = "pokedex-by-burgyDev/Info.plist";
				LD_RUNPATH_SEARCH_PATHS = "$(inherited) @executable_path/Frameworks";
				PRODUCT_BUNDLE_IDENTIFIER = "burgyDev.pokedex-by-burgyDev";
				PRODUCT_NAME = "$(TARGET_NAME)";
			};
			name = Debug;
		};
		A6CA987E1C003394000FD305 /* Release */ = {
			isa = XCBuildConfiguration;
			buildSettings = {
				ASSETCATALOG_COMPILER_APPICON_NAME = AppIcon;
				INFOPLIST_FILE = "pokedex-by-burgyDev/Info.plist";
				LD_RUNPATH_SEARCH_PATHS = "$(inherited) @executable_path/Frameworks";
				PRODUCT_BUNDLE_IDENTIFIER = "burgyDev.pokedex-by-burgyDev";
				PRODUCT_NAME = "$(TARGET_NAME)";
			};
			name = Release;
		};
/* End XCBuildConfiguration section */

/* Begin XCConfigurationList section */
		A6CA98621C003394000FD305 /* Build configuration list for PBXProject "pokedex-by-burgyDev" */ = {
			isa = XCConfigurationList;
			buildConfigurations = (
				A6CA987A1C003394000FD305 /* Debug */,
				A6CA987B1C003394000FD305 /* Release */,
			);
			defaultConfigurationIsVisible = 0;
			defaultConfigurationName = Release;
		};
		A6CA987C1C003394000FD305 /* Build configuration list for PBXNativeTarget "pokedex-by-burgyDev" */ = {
			isa = XCConfigurationList;
			buildConfigurations = (
				A6CA987D1C003394000FD305 /* Debug */,
				A6CA987E1C003394000FD305 /* Release */,
			);
			defaultConfigurationIsVisible = 0;
			defaultConfigurationName = Release;
		};
/* End XCConfigurationList section */

/* Begin XCVersionGroup section */
		A6CA98711C003394000FD305 /* pokedex_by_burgyDev.xcdatamodeld */ = {
			isa = XCVersionGroup;
			children = (
				A6CA98721C003394000FD305 /* pokedex_by_burgyDev.xcdatamodel */,
			);
			currentVersion = A6CA98721C003394000FD305 /* pokedex_by_burgyDev.xcdatamodel */;
			path = pokedex_by_burgyDev.xcdatamodeld;
			sourceTree = "<group>";
			versionGroupType = wrapper.xcdatamodel;
		};
/* End XCVersionGroup section */
	};
	rootObject = A6CA985F1C003394000FD305 /* Project object */;
}
